// !$*UTF8*$!
{
	archiveVersion = 1;
	classes = {
	};
	objectVersion = 56;
	objects = {

/* Begin PBXBuildFile section */
		0C18B1012AA7E74F0078CFBA /* BasketList.swift in Sources */ = {isa = PBXBuildFile; fileRef = 0C18B1002AA7E74F0078CFBA /* BasketList.swift */; };
		0C4BA6B92AA775B700099C7F /* SwiftDataPlayGroundApp.swift in Sources */ = {isa = PBXBuildFile; fileRef = 0C4BA6B82AA775B700099C7F /* SwiftDataPlayGroundApp.swift */; };
		0C4BA6BD2AA775B700099C7F /* Model.swift in Sources */ = {isa = PBXBuildFile; fileRef = 0C4BA6BC2AA775B700099C7F /* Model.swift */; };
		0C4BA6BF2AA775B900099C7F /* Assets.xcassets in Resources */ = {isa = PBXBuildFile; fileRef = 0C4BA6BE2AA775B900099C7F /* Assets.xcassets */; };
		0C4BA6C32AA775B900099C7F /* Preview Assets.xcassets in Resources */ = {isa = PBXBuildFile; fileRef = 0C4BA6C22AA775B900099C7F /* Preview Assets.xcassets */; };
		0C4BA6CD2AA775B900099C7F /* SwiftDataPlayGroundTests.swift in Sources */ = {isa = PBXBuildFile; fileRef = 0C4BA6CC2AA775B900099C7F /* SwiftDataPlayGroundTests.swift */; };
		0C4BA6D72AA775B900099C7F /* SwiftDataPlayGroundUITests.swift in Sources */ = {isa = PBXBuildFile; fileRef = 0C4BA6D62AA775B900099C7F /* SwiftDataPlayGroundUITests.swift */; };
		0C4BA6D92AA775B900099C7F /* SwiftDataPlayGroundUITestsLaunchTests.swift in Sources */ = {isa = PBXBuildFile; fileRef = 0C4BA6D82AA775B900099C7F /* SwiftDataPlayGroundUITestsLaunchTests.swift */; };
		0C6D7BD32AA8AFEB00741441 /* FolderListView.swift in Sources */ = {isa = PBXBuildFile; fileRef = 0C6D7BD22AA8AFEB00741441 /* FolderListView.swift */; };
		0CBB51612AA8274F0096D3D8 /* ItemList.swift in Sources */ = {isa = PBXBuildFile; fileRef = 0CBB51602AA8274F0096D3D8 /* ItemList.swift */; };
		0CBB51632AA82A200096D3D8 /* BasketDetail.swift in Sources */ = {isa = PBXBuildFile; fileRef = 0CBB51622AA82A200096D3D8 /* BasketDetail.swift */; };
/* End PBXBuildFile section */

/* Begin PBXContainerItemProxy section */
		0C4BA6C92AA775B900099C7F /* PBXContainerItemProxy */ = {
			isa = PBXContainerItemProxy;
			containerPortal = 0C4BA6AD2AA775B700099C7F /* Project object */;
			proxyType = 1;
			remoteGlobalIDString = 0C4BA6B42AA775B700099C7F;
			remoteInfo = SwiftDataPlayGround;
		};
		0C4BA6D32AA775B900099C7F /* PBXContainerItemProxy */ = {
			isa = PBXContainerItemProxy;
			containerPortal = 0C4BA6AD2AA775B700099C7F /* Project object */;
			proxyType = 1;
			remoteGlobalIDString = 0C4BA6B42AA775B700099C7F;
			remoteInfo = SwiftDataPlayGround;
		};
/* End PBXContainerItemProxy section */

/* Begin PBXFileReference section */
		0C18B1002AA7E74F0078CFBA /* BasketList.swift */ = {isa = PBXFileReference; lastKnownFileType = sourcecode.swift; path = BasketList.swift; sourceTree = "<group>"; };
		0C4BA6B52AA775B700099C7F /* SwiftDataPlayGround.app */ = {isa = PBXFileReference; explicitFileType = wrapper.application; includeInIndex = 0; path = SwiftDataPlayGround.app; sourceTree = BUILT_PRODUCTS_DIR; };
		0C4BA6B82AA775B700099C7F /* SwiftDataPlayGroundApp.swift */ = {isa = PBXFileReference; lastKnownFileType = sourcecode.swift; path = SwiftDataPlayGroundApp.swift; sourceTree = "<group>"; };
		0C4BA6BC2AA775B700099C7F /* Model.swift */ = {isa = PBXFileReference; lastKnownFileType = sourcecode.swift; path = Model.swift; sourceTree = "<group>"; };
		0C4BA6BE2AA775B900099C7F /* Assets.xcassets */ = {isa = PBXFileReference; lastKnownFileType = folder.assetcatalog; path = Assets.xcassets; sourceTree = "<group>"; };
		0C4BA6C02AA775B900099C7F /* SwiftDataPlayGround.entitlements */ = {isa = PBXFileReference; lastKnownFileType = text.plist.entitlements; path = SwiftDataPlayGround.entitlements; sourceTree = "<group>"; };
		0C4BA6C22AA775B900099C7F /* Preview Assets.xcassets */ = {isa = PBXFileReference; lastKnownFileType = folder.assetcatalog; path = "Preview Assets.xcassets"; sourceTree = "<group>"; };
		0C4BA6C82AA775B900099C7F /* SwiftDataPlayGroundTests.xctest */ = {isa = PBXFileReference; explicitFileType = wrapper.cfbundle; includeInIndex = 0; path = SwiftDataPlayGroundTests.xctest; sourceTree = BUILT_PRODUCTS_DIR; };
		0C4BA6CC2AA775B900099C7F /* SwiftDataPlayGroundTests.swift */ = {isa = PBXFileReference; lastKnownFileType = sourcecode.swift; path = SwiftDataPlayGroundTests.swift; sourceTree = "<group>"; };
		0C4BA6D22AA775B900099C7F /* SwiftDataPlayGroundUITests.xctest */ = {isa = PBXFileReference; explicitFileType = wrapper.cfbundle; includeInIndex = 0; path = SwiftDataPlayGroundUITests.xctest; sourceTree = BUILT_PRODUCTS_DIR; };
		0C4BA6D62AA775B900099C7F /* SwiftDataPlayGroundUITests.swift */ = {isa = PBXFileReference; lastKnownFileType = sourcecode.swift; path = SwiftDataPlayGroundUITests.swift; sourceTree = "<group>"; };
		0C4BA6D82AA775B900099C7F /* SwiftDataPlayGroundUITestsLaunchTests.swift */ = {isa = PBXFileReference; lastKnownFileType = sourcecode.swift; path = SwiftDataPlayGroundUITestsLaunchTests.swift; sourceTree = "<group>"; };
		0C6D7BD22AA8AFEB00741441 /* FolderListView.swift */ = {isa = PBXFileReference; lastKnownFileType = sourcecode.swift; name = FolderListView.swift; path = "Basket&Items/FolderListView.swift"; sourceTree = "<group>"; };
		0CBB51602AA8274F0096D3D8 /* ItemList.swift */ = {isa = PBXFileReference; lastKnownFileType = sourcecode.swift; path = ItemList.swift; sourceTree = "<group>"; };
		0CBB51622AA82A200096D3D8 /* BasketDetail.swift */ = {isa = PBXFileReference; lastKnownFileType = sourcecode.swift; path = BasketDetail.swift; sourceTree = "<group>"; };
/* End PBXFileReference section */

/* Begin PBXFrameworksBuildPhase section */
		0C4BA6B22AA775B700099C7F /* Frameworks */ = {
			isa = PBXFrameworksBuildPhase;
			buildActionMask = 2147483647;
			files = (
			);
			runOnlyForDeploymentPostprocessing = 0;
		};
		0C4BA6C52AA775B900099C7F /* Frameworks */ = {
			isa = PBXFrameworksBuildPhase;
			buildActionMask = 2147483647;
			files = (
			);
			runOnlyForDeploymentPostprocessing = 0;
		};
		0C4BA6CF2AA775B900099C7F /* Frameworks */ = {
			isa = PBXFrameworksBuildPhase;
			buildActionMask = 2147483647;
			files = (
			);
			runOnlyForDeploymentPostprocessing = 0;
		};
/* End PBXFrameworksBuildPhase section */

/* Begin PBXGroup section */
		0C4BA6AC2AA775B700099C7F = {
			isa = PBXGroup;
			children = (
				0C4BA6B72AA775B700099C7F /* SwiftDataPlayGround */,
				0C4BA6CB2AA775B900099C7F /* SwiftDataPlayGroundTests */,
				0C4BA6D52AA775B900099C7F /* SwiftDataPlayGroundUITests */,
				0C4BA6B62AA775B700099C7F /* Products */,
			);
			sourceTree = "<group>";
		};
		0C4BA6B62AA775B700099C7F /* Products */ = {
			isa = PBXGroup;
			children = (
				0C4BA6B52AA775B700099C7F /* SwiftDataPlayGround.app */,
				0C4BA6C82AA775B900099C7F /* SwiftDataPlayGroundTests.xctest */,
				0C4BA6D22AA775B900099C7F /* SwiftDataPlayGroundUITests.xctest */,
			);
			name = Products;
			sourceTree = "<group>";
		};
		0C4BA6B72AA775B700099C7F /* SwiftDataPlayGround */ = {
			isa = PBXGroup;
			children = (
				0C6D7BD22AA8AFEB00741441 /* FolderListView.swift */,
				0C4BA6B82AA775B700099C7F /* SwiftDataPlayGroundApp.swift */,
				0C4BA6BC2AA775B700099C7F /* Model.swift */,
				0C6D7BD12AA8AFBC00741441 /* Basket&Items */,
				0C4BA6C02AA775B900099C7F /* SwiftDataPlayGround.entitlements */,
				0C4BA6BE2AA775B900099C7F /* Assets.xcassets */,
				0C4BA6C12AA775B900099C7F /* Preview Content */,
			);
			path = SwiftDataPlayGround;
			sourceTree = "<group>";
		};
		0C4BA6C12AA775B900099C7F /* Preview Content */ = {
			isa = PBXGroup;
			children = (
				0C4BA6C22AA775B900099C7F /* Preview Assets.xcassets */,
			);
			path = "Preview Content";
			sourceTree = "<group>";
		};
		0C4BA6CB2AA775B900099C7F /* SwiftDataPlayGroundTests */ = {
			isa = PBXGroup;
			children = (
				0C4BA6CC2AA775B900099C7F /* SwiftDataPlayGroundTests.swift */,
			);
			path = SwiftDataPlayGroundTests;
			sourceTree = "<group>";
		};
		0C4BA6D52AA775B900099C7F /* SwiftDataPlayGroundUITests */ = {
			isa = PBXGroup;
			children = (
				0C4BA6D62AA775B900099C7F /* SwiftDataPlayGroundUITests.swift */,
				0C4BA6D82AA775B900099C7F /* SwiftDataPlayGroundUITestsLaunchTests.swift */,
			);
			path = SwiftDataPlayGroundUITests;
			sourceTree = "<group>";
		};
		0C6D7BD12AA8AFBC00741441 /* Basket&Items */ = {
			isa = PBXGroup;
			children = (
				0C18B1002AA7E74F0078CFBA /* BasketList.swift */,
				0CBB51622AA82A200096D3D8 /* BasketDetail.swift */,
				0CBB51602AA8274F0096D3D8 /* ItemList.swift */,
			);
			path = "Basket&Items";
			sourceTree = "<group>";
		};
/* End PBXGroup section */

/* Begin PBXNativeTarget section */
		0C4BA6B42AA775B700099C7F /* SwiftDataPlayGround */ = {
			isa = PBXNativeTarget;
			buildConfigurationList = 0C4BA6DC2AA775B900099C7F /* Build configuration list for PBXNativeTarget "SwiftDataPlayGround" */;
			buildPhases = (
				0C4BA6B12AA775B700099C7F /* Sources */,
				0C4BA6B22AA775B700099C7F /* Frameworks */,
				0C4BA6B32AA775B700099C7F /* Resources */,
			);
			buildRules = (
			);
			dependencies = (
			);
			name = SwiftDataPlayGround;
			productName = SwiftDataPlayGround;
			productReference = 0C4BA6B52AA775B700099C7F /* SwiftDataPlayGround.app */;
			productType = "com.apple.product-type.application";
		};
		0C4BA6C72AA775B900099C7F /* SwiftDataPlayGroundTests */ = {
			isa = PBXNativeTarget;
			buildConfigurationList = 0C4BA6DF2AA775B900099C7F /* Build configuration list for PBXNativeTarget "SwiftDataPlayGroundTests" */;
			buildPhases = (
				0C4BA6C42AA775B900099C7F /* Sources */,
				0C4BA6C52AA775B900099C7F /* Frameworks */,
				0C4BA6C62AA775B900099C7F /* Resources */,
			);
			buildRules = (
			);
			dependencies = (
				0C4BA6CA2AA775B900099C7F /* PBXTargetDependency */,
			);
			name = SwiftDataPlayGroundTests;
			productName = SwiftDataPlayGroundTests;
			productReference = 0C4BA6C82AA775B900099C7F /* SwiftDataPlayGroundTests.xctest */;
			productType = "com.apple.product-type.bundle.unit-test";
		};
		0C4BA6D12AA775B900099C7F /* SwiftDataPlayGroundUITests */ = {
			isa = PBXNativeTarget;
			buildConfigurationList = 0C4BA6E22AA775B900099C7F /* Build configuration list for PBXNativeTarget "SwiftDataPlayGroundUITests" */;
			buildPhases = (
				0C4BA6CE2AA775B900099C7F /* Sources */,
				0C4BA6CF2AA775B900099C7F /* Frameworks */,
				0C4BA6D02AA775B900099C7F /* Resources */,
			);
			buildRules = (
			);
			dependencies = (
				0C4BA6D42AA775B900099C7F /* PBXTargetDependency */,
			);
			name = SwiftDataPlayGroundUITests;
			productName = SwiftDataPlayGroundUITests;
			productReference = 0C4BA6D22AA775B900099C7F /* SwiftDataPlayGroundUITests.xctest */;
			productType = "com.apple.product-type.bundle.ui-testing";
		};
/* End PBXNativeTarget section */

/* Begin PBXProject section */
		0C4BA6AD2AA775B700099C7F /* Project object */ = {
			isa = PBXProject;
			attributes = {
				BuildIndependentTargetsInParallel = 1;
				LastSwiftUpdateCheck = 1500;
				LastUpgradeCheck = 1500;
				TargetAttributes = {
					0C4BA6B42AA775B700099C7F = {
						CreatedOnToolsVersion = 15.0;
					};
					0C4BA6C72AA775B900099C7F = {
						CreatedOnToolsVersion = 15.0;
						TestTargetID = 0C4BA6B42AA775B700099C7F;
					};
					0C4BA6D12AA775B900099C7F = {
						CreatedOnToolsVersion = 15.0;
						TestTargetID = 0C4BA6B42AA775B700099C7F;
					};
				};
			};
			buildConfigurationList = 0C4BA6B02AA775B700099C7F /* Build configuration list for PBXProject "SwiftDataPlayGround" */;
			compatibilityVersion = "Xcode 14.0";
			developmentRegion = en;
			hasScannedForEncodings = 0;
			knownRegions = (
				en,
				Base,
			);
			mainGroup = 0C4BA6AC2AA775B700099C7F;
			productRefGroup = 0C4BA6B62AA775B700099C7F /* Products */;
			projectDirPath = "";
			projectRoot = "";
			targets = (
				0C4BA6B42AA775B700099C7F /* SwiftDataPlayGround */,
				0C4BA6C72AA775B900099C7F /* SwiftDataPlayGroundTests */,
				0C4BA6D12AA775B900099C7F /* SwiftDataPlayGroundUITests */,
			);
		};
/* End PBXProject section */

/* Begin PBXResourcesBuildPhase section */
		0C4BA6B32AA775B700099C7F /* Resources */ = {
			isa = PBXResourcesBuildPhase;
			buildActionMask = 2147483647;
			files = (
				0C4BA6C32AA775B900099C7F /* Preview Assets.xcassets in Resources */,
				0C4BA6BF2AA775B900099C7F /* Assets.xcassets in Resources */,
			);
			runOnlyForDeploymentPostprocessing = 0;
		};
		0C4BA6C62AA775B900099C7F /* Resources */ = {
			isa = PBXResourcesBuildPhase;
			buildActionMask = 2147483647;
			files = (
			);
			runOnlyForDeploymentPostprocessing = 0;
		};
		0C4BA6D02AA775B900099C7F /* Resources */ = {
			isa = PBXResourcesBuildPhase;
			buildActionMask = 2147483647;
			files = (
			);
			runOnlyForDeploymentPostprocessing = 0;
		};
/* End PBXResourcesBuildPhase section */

/* Begin PBXSourcesBuildPhase section */
		0C4BA6B12AA775B700099C7F /* Sources */ = {
			isa = PBXSourcesBuildPhase;
			buildActionMask = 2147483647;
			files = (
				0C6D7BD32AA8AFEB00741441 /* FolderListView.swift in Sources */,
				0CBB51612AA8274F0096D3D8 /* ItemList.swift in Sources */,
				0C18B1012AA7E74F0078CFBA /* BasketList.swift in Sources */,
				0C4BA6BD2AA775B700099C7F /* Model.swift in Sources */,
				0CBB51632AA82A200096D3D8 /* BasketDetail.swift in Sources */,
				0C4BA6B92AA775B700099C7F /* SwiftDataPlayGroundApp.swift in Sources */,
			);
			runOnlyForDeploymentPostprocessing = 0;
		};
		0C4BA6C42AA775B900099C7F /* Sources */ = {
			isa = PBXSourcesBuildPhase;
			buildActionMask = 2147483647;
			files = (
				0C4BA6CD2AA775B900099C7F /* SwiftDataPlayGroundTests.swift in Sources */,
			);
			runOnlyForDeploymentPostprocessing = 0;
		};
		0C4BA6CE2AA775B900099C7F /* Sources */ = {
			isa = PBXSourcesBuildPhase;
			buildActionMask = 2147483647;
			files = (
				0C4BA6D72AA775B900099C7F /* SwiftDataPlayGroundUITests.swift in Sources */,
				0C4BA6D92AA775B900099C7F /* SwiftDataPlayGroundUITestsLaunchTests.swift in Sources */,
			);
			runOnlyForDeploymentPostprocessing = 0;
		};
/* End PBXSourcesBuildPhase section */

/* Begin PBXTargetDependency section */
		0C4BA6CA2AA775B900099C7F /* PBXTargetDependency */ = {
			isa = PBXTargetDependency;
			target = 0C4BA6B42AA775B700099C7F /* SwiftDataPlayGround */;
			targetProxy = 0C4BA6C92AA775B900099C7F /* PBXContainerItemProxy */;
		};
		0C4BA6D42AA775B900099C7F /* PBXTargetDependency */ = {
			isa = PBXTargetDependency;
			target = 0C4BA6B42AA775B700099C7F /* SwiftDataPlayGround */;
			targetProxy = 0C4BA6D32AA775B900099C7F /* PBXContainerItemProxy */;
		};
/* End PBXTargetDependency section */

/* Begin XCBuildConfiguration section */
		0C4BA6DA2AA775B900099C7F /* Debug */ = {
			isa = XCBuildConfiguration;
			buildSettings = {
				ALWAYS_SEARCH_USER_PATHS = NO;
				ASSETCATALOG_COMPILER_GENERATE_SWIFT_ASSET_SYMBOL_EXTENSIONS = YES;
				CLANG_ANALYZER_NONNULL = YES;
				CLANG_ANALYZER_NUMBER_OBJECT_CONVERSION = YES_AGGRESSIVE;
				CLANG_CXX_LANGUAGE_STANDARD = "gnu++20";
				CLANG_ENABLE_MODULES = YES;
				CLANG_ENABLE_OBJC_ARC = YES;
				CLANG_ENABLE_OBJC_WEAK = YES;
				CLANG_WARN_BLOCK_CAPTURE_AUTORELEASING = YES;
				CLANG_WARN_BOOL_CONVERSION = YES;
				CLANG_WARN_COMMA = YES;
				CLANG_WARN_CONSTANT_CONVERSION = YES;
				CLANG_WARN_DEPRECATED_OBJC_IMPLEMENTATIONS = YES;
				CLANG_WARN_DIRECT_OBJC_ISA_USAGE = YES_ERROR;
				CLANG_WARN_DOCUMENTATION_COMMENTS = YES;
				CLANG_WARN_EMPTY_BODY = YES;
				CLANG_WARN_ENUM_CONVERSION = YES;
				CLANG_WARN_INFINITE_RECURSION = YES;
				CLANG_WARN_INT_CONVERSION = YES;
				CLANG_WARN_NON_LITERAL_NULL_CONVERSION = YES;
				CLANG_WARN_OBJC_IMPLICIT_RETAIN_SELF = YES;
				CLANG_WARN_OBJC_LITERAL_CONVERSION = YES;
				CLANG_WARN_OBJC_ROOT_CLASS = YES_ERROR;
				CLANG_WARN_QUOTED_INCLUDE_IN_FRAMEWORK_HEADER = YES;
				CLANG_WARN_RANGE_LOOP_ANALYSIS = YES;
				CLANG_WARN_STRICT_PROTOTYPES = YES;
				CLANG_WARN_SUSPICIOUS_MOVE = YES;
				CLANG_WARN_UNGUARDED_AVAILABILITY = YES_AGGRESSIVE;
				CLANG_WARN_UNREACHABLE_CODE = YES;
				CLANG_WARN__DUPLICATE_METHOD_MATCH = YES;
				COPY_PHASE_STRIP = NO;
				DEBUG_INFORMATION_FORMAT = dwarf;
				ENABLE_STRICT_OBJC_MSGSEND = YES;
				ENABLE_TESTABILITY = YES;
				ENABLE_USER_SCRIPT_SANDBOXING = YES;
				GCC_C_LANGUAGE_STANDARD = gnu17;
				GCC_DYNAMIC_NO_PIC = NO;
				GCC_NO_COMMON_BLOCKS = YES;
				GCC_OPTIMIZATION_LEVEL = 0;
				GCC_PREPROCESSOR_DEFINITIONS = (
					"DEBUG=1",
					"$(inherited)",
				);
				GCC_WARN_64_TO_32_BIT_CONVERSION = YES;
				GCC_WARN_ABOUT_RETURN_TYPE = YES_ERROR;
				GCC_WARN_UNDECLARED_SELECTOR = YES;
				GCC_WARN_UNINITIALIZED_AUTOS = YES_AGGRESSIVE;
				GCC_WARN_UNUSED_FUNCTION = YES;
				GCC_WARN_UNUSED_VARIABLE = YES;
				LOCALIZATION_PREFERS_STRING_CATALOGS = YES;
				MTL_ENABLE_DEBUG_INFO = INCLUDE_SOURCE;
				MTL_FAST_MATH = YES;
				ONLY_ACTIVE_ARCH = YES;
				SWIFT_ACTIVE_COMPILATION_CONDITIONS = "DEBUG $(inherited)";
				SWIFT_OPTIMIZATION_LEVEL = "-Onone";
			};
			name = Debug;
		};
		0C4BA6DB2AA775B900099C7F /* Release */ = {
			isa = XCBuildConfiguration;
			buildSettings = {
				ALWAYS_SEARCH_USER_PATHS = NO;
				ASSETCATALOG_COMPILER_GENERATE_SWIFT_ASSET_SYMBOL_EXTENSIONS = YES;
				CLANG_ANALYZER_NONNULL = YES;
				CLANG_ANALYZER_NUMBER_OBJECT_CONVERSION = YES_AGGRESSIVE;
				CLANG_CXX_LANGUAGE_STANDARD = "gnu++20";
				CLANG_ENABLE_MODULES = YES;
				CLANG_ENABLE_OBJC_ARC = YES;
				CLANG_ENABLE_OBJC_WEAK = YES;
				CLANG_WARN_BLOCK_CAPTURE_AUTORELEASING = YES;
				CLANG_WARN_BOOL_CONVERSION = YES;
				CLANG_WARN_COMMA = YES;
				CLANG_WARN_CONSTANT_CONVERSION = YES;
				CLANG_WARN_DEPRECATED_OBJC_IMPLEMENTATIONS = YES;
				CLANG_WARN_DIRECT_OBJC_ISA_USAGE = YES_ERROR;
				CLANG_WARN_DOCUMENTATION_COMMENTS = YES;
				CLANG_WARN_EMPTY_BODY = YES;
				CLANG_WARN_ENUM_CONVERSION = YES;
				CLANG_WARN_INFINITE_RECURSION = YES;
				CLANG_WARN_INT_CONVERSION = YES;
				CLANG_WARN_NON_LITERAL_NULL_CONVERSION = YES;
				CLANG_WARN_OBJC_IMPLICIT_RETAIN_SELF = YES;
				CLANG_WARN_OBJC_LITERAL_CONVERSION = YES;
				CLANG_WARN_OBJC_ROOT_CLASS = YES_ERROR;
				CLANG_WARN_QUOTED_INCLUDE_IN_FRAMEWORK_HEADER = YES;
				CLANG_WARN_RANGE_LOOP_ANALYSIS = YES;
				CLANG_WARN_STRICT_PROTOTYPES = YES;
				CLANG_WARN_SUSPICIOUS_MOVE = YES;
				CLANG_WARN_UNGUARDED_AVAILABILITY = YES_AGGRESSIVE;
				CLANG_WARN_UNREACHABLE_CODE = YES;
				CLANG_WARN__DUPLICATE_METHOD_MATCH = YES;
				COPY_PHASE_STRIP = NO;
				DEBUG_INFORMATION_FORMAT = "dwarf-with-dsym";
				ENABLE_NS_ASSERTIONS = NO;
				ENABLE_STRICT_OBJC_MSGSEND = YES;
				ENABLE_USER_SCRIPT_SANDBOXING = YES;
				GCC_C_LANGUAGE_STANDARD = gnu17;
				GCC_NO_COMMON_BLOCKS = YES;
				GCC_WARN_64_TO_32_BIT_CONVERSION = YES;
				GCC_WARN_ABOUT_RETURN_TYPE = YES_ERROR;
				GCC_WARN_UNDECLARED_SELECTOR = YES;
				GCC_WARN_UNINITIALIZED_AUTOS = YES_AGGRESSIVE;
				GCC_WARN_UNUSED_FUNCTION = YES;
				GCC_WARN_UNUSED_VARIABLE = YES;
				LOCALIZATION_PREFERS_STRING_CATALOGS = YES;
				MTL_ENABLE_DEBUG_INFO = NO;
				MTL_FAST_MATH = YES;
				SWIFT_COMPILATION_MODE = wholemodule;
			};
			name = Release;
		};
		0C4BA6DD2AA775B900099C7F /* Debug */ = {
			isa = XCBuildConfiguration;
			buildSettings = {
				ASSETCATALOG_COMPILER_APPICON_NAME = AppIcon;
				ASSETCATALOG_COMPILER_GLOBAL_ACCENT_COLOR_NAME = AccentColor;
				CODE_SIGN_ENTITLEMENTS = SwiftDataPlayGround/SwiftDataPlayGround.entitlements;
				CODE_SIGN_STYLE = Automatic;
				CURRENT_PROJECT_VERSION = 1;
				DEVELOPMENT_ASSET_PATHS = "\"SwiftDataPlayGround/Preview Content\"";
				DEVELOPMENT_TEAM = 38MT9LSMPC;
				ENABLE_HARDENED_RUNTIME = YES;
				ENABLE_PREVIEWS = YES;
				GENERATE_INFOPLIST_FILE = YES;
				"INFOPLIST_KEY_UIApplicationSceneManifest_Generation[sdk=iphoneos*]" = YES;
				"INFOPLIST_KEY_UIApplicationSceneManifest_Generation[sdk=iphonesimulator*]" = YES;
				"INFOPLIST_KEY_UIApplicationSupportsIndirectInputEvents[sdk=iphoneos*]" = YES;
				"INFOPLIST_KEY_UIApplicationSupportsIndirectInputEvents[sdk=iphonesimulator*]" = YES;
				"INFOPLIST_KEY_UILaunchScreen_Generation[sdk=iphoneos*]" = YES;
				"INFOPLIST_KEY_UILaunchScreen_Generation[sdk=iphonesimulator*]" = YES;
				"INFOPLIST_KEY_UIStatusBarStyle[sdk=iphoneos*]" = UIStatusBarStyleDefault;
				"INFOPLIST_KEY_UIStatusBarStyle[sdk=iphonesimulator*]" = UIStatusBarStyleDefault;
				INFOPLIST_KEY_UISupportedInterfaceOrientations_iPad = "UIInterfaceOrientationPortrait UIInterfaceOrientationPortraitUpsideDown UIInterfaceOrientationLandscapeLeft UIInterfaceOrientationLandscapeRight";
				INFOPLIST_KEY_UISupportedInterfaceOrientations_iPhone = "UIInterfaceOrientationPortrait UIInterfaceOrientationLandscapeLeft UIInterfaceOrientationLandscapeRight";
				IPHONEOS_DEPLOYMENT_TARGET = 17.0;
				LD_RUNPATH_SEARCH_PATHS = "@executable_path/Frameworks";
				"LD_RUNPATH_SEARCH_PATHS[sdk=macosx*]" = "@executable_path/../Frameworks";
				MACOSX_DEPLOYMENT_TARGET = 14.0;
				MARKETING_VERSION = 1.0;
				PRODUCT_BUNDLE_IDENTIFIER = tsonobe.SwiftDataPlayGround;
				PRODUCT_NAME = "$(TARGET_NAME)";
				SDKROOT = auto;
				SUPPORTED_PLATFORMS = "iphoneos iphonesimulator macosx";
				SWIFT_EMIT_LOC_STRINGS = YES;
				SWIFT_VERSION = 5.0;
				TARGETED_DEVICE_FAMILY = "1,2";
			};
			name = Debug;
		};
		0C4BA6DE2AA775B900099C7F /* Release */ = {
			isa = XCBuildConfiguration;
			buildSettings = {
				ASSETCATALOG_COMPILER_APPICON_NAME = AppIcon;
				ASSETCATALOG_COMPILER_GLOBAL_ACCENT_COLOR_NAME = AccentColor;
				CODE_SIGN_ENTITLEMENTS = SwiftDataPlayGround/SwiftDataPlayGround.entitlements;
				CODE_SIGN_STYLE = Automatic;
				CURRENT_PROJECT_VERSION = 1;
				DEVELOPMENT_ASSET_PATHS = "\"SwiftDataPlayGround/Preview Content\"";
				DEVELOPMENT_TEAM = 38MT9LSMPC;
				ENABLE_HARDENED_RUNTIME = YES;
				ENABLE_PREVIEWS = YES;
				GENERATE_INFOPLIST_FILE = YES;
				"INFOPLIST_KEY_UIApplicationSceneManifest_Generation[sdk=iphoneos*]" = YES;
				"INFOPLIST_KEY_UIApplicationSceneManifest_Generation[sdk=iphonesimulator*]" = YES;
				"INFOPLIST_KEY_UIApplicationSupportsIndirectInputEvents[sdk=iphoneos*]" = YES;
				"INFOPLIST_KEY_UIApplicationSupportsIndirectInputEvents[sdk=iphonesimulator*]" = YES;
				"INFOPLIST_KEY_UILaunchScreen_Generation[sdk=iphoneos*]" = YES;
				"INFOPLIST_KEY_UILaunchScreen_Generation[sdk=iphonesimulator*]" = YES;
				"INFOPLIST_KEY_UIStatusBarStyle[sdk=iphoneos*]" = UIStatusBarStyleDefault;
				"INFOPLIST_KEY_UIStatusBarStyle[sdk=iphonesimulator*]" = UIStatusBarStyleDefault;
				INFOPLIST_KEY_UISupportedInterfaceOrientations_iPad = "UIInterfaceOrientationPortrait UIInterfaceOrientationPortraitUpsideDown UIInterfaceOrientationLandscapeLeft UIInterfaceOrientationLandscapeRight";
				INFOPLIST_KEY_UISupportedInterfaceOrientations_iPhone = "UIInterfaceOrientationPortrait UIInterfaceOrientationLandscapeLeft UIInterfaceOrientationLandscapeRight";
				IPHONEOS_DEPLOYMENT_TARGET = 17.0;
				LD_RUNPATH_SEARCH_PATHS = "@executable_path/Frameworks";
				"LD_RUNPATH_SEARCH_PATHS[sdk=macosx*]" = "@executable_path/../Frameworks";
				MACOSX_DEPLOYMENT_TARGET = 14.0;
				MARKETING_VERSION = 1.0;
				PRODUCT_BUNDLE_IDENTIFIER = tsonobe.SwiftDataPlayGround;
				PRODUCT_NAME = "$(TARGET_NAME)";
				SDKROOT = auto;
				SUPPORTED_PLATFORMS = "iphoneos iphonesimulator macosx";
				SWIFT_EMIT_LOC_STRINGS = YES;
				SWIFT_VERSION = 5.0;
				TARGETED_DEVICE_FAMILY = "1,2";
			};
			name = Release;
		};
		0C4BA6E02AA775B900099C7F /* Debug */ = {
			isa = XCBuildConfiguration;
			buildSettings = {
				ALWAYS_EMBED_SWIFT_STANDARD_LIBRARIES = YES;
				BUNDLE_LOADER = "$(TEST_HOST)";
				CODE_SIGN_STYLE = Automatic;
				CURRENT_PROJECT_VERSION = 1;
				DEVELOPMENT_TEAM = 38MT9LSMPC;
				GENERATE_INFOPLIST_FILE = YES;
				IPHONEOS_DEPLOYMENT_TARGET = 17.0;
				MACOSX_DEPLOYMENT_TARGET = 13.4;
				MARKETING_VERSION = 1.0;
				PRODUCT_BUNDLE_IDENTIFIER = tsonobe.SwiftDataPlayGroundTests;
				PRODUCT_NAME = "$(TARGET_NAME)";
				SDKROOT = auto;
				SUPPORTED_PLATFORMS = "iphoneos iphonesimulator macosx";
				SWIFT_EMIT_LOC_STRINGS = NO;
				SWIFT_VERSION = 5.0;
				TARGETED_DEVICE_FAMILY = "1,2";
				TEST_HOST = "$(BUILT_PRODUCTS_DIR)/SwiftDataPlayGround.app/$(BUNDLE_EXECUTABLE_FOLDER_PATH)/SwiftDataPlayGround";
			};
			name = Debug;
		};
		0C4BA6E12AA775B900099C7F /* Release */ = {
			isa = XCBuildConfiguration;
			buildSettings = {
				ALWAYS_EMBED_SWIFT_STANDARD_LIBRARIES = YES;
				BUNDLE_LOADER = "$(TEST_HOST)";
				CODE_SIGN_STYLE = Automatic;
				CURRENT_PROJECT_VERSION = 1;
				DEVELOPMENT_TEAM = 38MT9LSMPC;
				GENERATE_INFOPLIST_FILE = YES;
				IPHONEOS_DEPLOYMENT_TARGET = 17.0;
				MACOSX_DEPLOYMENT_TARGET = 13.4;
				MARKETING_VERSION = 1.0;
				PRODUCT_BUNDLE_IDENTIFIER = tsonobe.SwiftDataPlayGroundTests;
				PRODUCT_NAME = "$(TARGET_NAME)";
				SDKROOT = auto;
				SUPPORTED_PLATFORMS = "iphoneos iphonesimulator macosx";
				SWIFT_EMIT_LOC_STRINGS = NO;
				SWIFT_VERSION = 5.0;
				TARGETED_DEVICE_FAMILY = "1,2";
				TEST_HOST = "$(BUILT_PRODUCTS_DIR)/SwiftDataPlayGround.app/$(BUNDLE_EXECUTABLE_FOLDER_PATH)/SwiftDataPlayGround";
			};
			name = Release;
		};
		0C4BA6E32AA775B900099C7F /* Debug */ = {
			isa = XCBuildConfiguration;
			buildSettings = {
				ALWAYS_EMBED_SWIFT_STANDARD_LIBRARIES = YES;
				CODE_SIGN_STYLE = Automatic;
				CURRENT_PROJECT_VERSION = 1;
				DEVELOPMENT_TEAM = 38MT9LSMPC;
				GENERATE_INFOPLIST_FILE = YES;
				IPHONEOS_DEPLOYMENT_TARGET = 17.0;
				MACOSX_DEPLOYMENT_TARGET = 13.4;
				MARKETING_VERSION = 1.0;
				PRODUCT_BUNDLE_IDENTIFIER = tsonobe.SwiftDataPlayGroundUITests;
				PRODUCT_NAME = "$(TARGET_NAME)";
				SDKROOT = auto;
				SUPPORTED_PLATFORMS = "iphoneos iphonesimulator macosx";
				SWIFT_EMIT_LOC_STRINGS = NO;
				SWIFT_VERSION = 5.0;
				TARGETED_DEVICE_FAMILY = "1,2";
				TEST_TARGET_NAME = SwiftDataPlayGround;
			};
			name = Debug;
		};
		0C4BA6E42AA775B900099C7F /* Release */ = {
			isa = XCBuildConfiguration;
			buildSettings = {
				ALWAYS_EMBED_SWIFT_STANDARD_LIBRARIES = YES;
				CODE_SIGN_STYLE = Automatic;
				CURRENT_PROJECT_VERSION = 1;
				DEVELOPMENT_TEAM = 38MT9LSMPC;
				GENERATE_INFOPLIST_FILE = YES;
				IPHONEOS_DEPLOYMENT_TARGET = 17.0;
				MACOSX_DEPLOYMENT_TARGET = 13.4;
				MARKETING_VERSION = 1.0;
				PRODUCT_BUNDLE_IDENTIFIER = tsonobe.SwiftDataPlayGroundUITests;
				PRODUCT_NAME = "$(TARGET_NAME)";
				SDKROOT = auto;
				SUPPORTED_PLATFORMS = "iphoneos iphonesimulator macosx";
				SWIFT_EMIT_LOC_STRINGS = NO;
				SWIFT_VERSION = 5.0;
				TARGETED_DEVICE_FAMILY = "1,2";
				TEST_TARGET_NAME = SwiftDataPlayGround;
			};
			name = Release;
		};
/* End XCBuildConfiguration section */

/* Begin XCConfigurationList section */
		0C4BA6B02AA775B700099C7F /* Build configuration list for PBXProject "SwiftDataPlayGround" */ = {
			isa = XCConfigurationList;
			buildConfigurations = (
				0C4BA6DA2AA775B900099C7F /* Debug */,
				0C4BA6DB2AA775B900099C7F /* Release */,
			);
			defaultConfigurationIsVisible = 0;
			defaultConfigurationName = Release;
		};
		0C4BA6DC2AA775B900099C7F /* Build configuration list for PBXNativeTarget "SwiftDataPlayGround" */ = {
			isa = XCConfigurationList;
			buildConfigurations = (
				0C4BA6DD2AA775B900099C7F /* Debug */,
				0C4BA6DE2AA775B900099C7F /* Release */,
			);
			defaultConfigurationIsVisible = 0;
			defaultConfigurationName = Release;
		};
		0C4BA6DF2AA775B900099C7F /* Build configuration list for PBXNativeTarget "SwiftDataPlayGroundTests" */ = {
			isa = XCConfigurationList;
			buildConfigurations = (
				0C4BA6E02AA775B900099C7F /* Debug */,
				0C4BA6E12AA775B900099C7F /* Release */,
			);
			defaultConfigurationIsVisible = 0;
			defaultConfigurationName = Release;
		};
		0C4BA6E22AA775B900099C7F /* Build configuration list for PBXNativeTarget "SwiftDataPlayGroundUITests" */ = {
			isa = XCConfigurationList;
			buildConfigurations = (
				0C4BA6E32AA775B900099C7F /* Debug */,
				0C4BA6E42AA775B900099C7F /* Release */,
			);
			defaultConfigurationIsVisible = 0;
			defaultConfigurationName = Release;
		};
/* End XCConfigurationList section */
	};
	rootObject = 0C4BA6AD2AA775B700099C7F /* Project object */;
}
